
Microsoft Visual Studio Solution File, Format Version 12.00
# Visual Studio 2013
VisualStudioVersion = 12.0.21005.1
MinimumVisualStudioVersion = 10.0.40219.1
Project("{2150E333-8FDC-42A3-9474-1A3956D46DE8}") = "0 - Presentation", "0 - Presentation", "{8C5DEC81-37B0-4808-A10C-081B9635428F}"
EndProject
Project("{2150E333-8FDC-42A3-9474-1A3956D46DE8}") = "1 - Services", "1 - Services", "{3D59B066-FEA2-4681-B7FF-CDD0284375A4}"
EndProject
Project("{2150E333-8FDC-42A3-9474-1A3956D46DE8}") = "2 - Application", "2 - Application", "{0DBBCBDC-D885-402F-BCFE-3DC5850CEB46}"
EndProject
Project("{2150E333-8FDC-42A3-9474-1A3956D46DE8}") = "3 - Domain", "3 - Domain", "{38A4B788-6785-467F-9997-3968E6D75FF2}"
EndProject
Project("{2150E333-8FDC-42A3-9474-1A3956D46DE8}") = "4 - Infra", "4 - Infra", "{E7C3C165-A6C5-43BA-B5D6-F61F6922A439}"
EndProject
Project("{2150E333-8FDC-42A3-9474-1A3956D46DE8}") = "0.1 - Web", "0.1 - Web", "{728BF276-753E-4AF4-BB67-7EFEC87DC886}"
EndProject
Project("{2150E333-8FDC-42A3-9474-1A3956D46DE8}") = "0.2 - Windows", "0.2 - Windows", "{3439D252-96C6-4F3B-89E3-501F2116D39F}"
EndProject
Project("{2150E333-8FDC-42A3-9474-1A3956D46DE8}") = "0.3 - Mobile", "0.3 - Mobile", "{9513E18E-1F4D-4402-8F37-BB8223267772}"
EndProject
Project("{FAE04EC0-301F-11D3-BF4B-00C04F79EFBC}") = "Zion.Presentation.Web.Auth", "Zion.Presentation.Web.Auth\Zion.Presentation.Web.Auth.csproj", "{72CBE639-D9F1-4AB6-8AF6-841098A6739E}"
EndProject
Project("{2150E333-8FDC-42A3-9474-1A3956D46DE8}") = "3.2 - Factory", "3.2 - Factory", "{551ED7E3-7E18-44A6-82CC-2A72EB8F23F7}"
EndProject
Project("{FAE04EC0-301F-11D3-BF4B-00C04F79EFBC}") = "Zion.Domain.Factory.PCP", "Zion.Domain.Factory.PCP\Zion.Domain.Factory.PCP.csproj", "{DBB53111-0B12-41D8-923E-76E1496507E7}"
EndProject
Project("{2150E333-8FDC-42A3-9474-1A3956D46DE8}") = "3.1 - Security", "3.1 - Security", "{A0B90CB1-F2C1-4B0B-A8B8-B3E04143FB49}"
EndProject
Project("{FAE04EC0-301F-11D3-BF4B-00C04F79EFBC}") = "Zion.Domain.Security.Auth", "Zion.Domain.Security.Auth\Zion.Domain.Security.Auth.csproj", "{76337782-92DB-46F0-8DBA-EB671DDFA76E}"
EndProject
Project("{2150E333-8FDC-42A3-9474-1A3956D46DE8}") = "3.3 - Util", "3.3 - Util", "{2536792A-271C-4888-89BE-187B783F4716}"
EndProject
Project("{FAE04EC0-301F-11D3-BF4B-00C04F79EFBC}") = "Zion.Domain.Util.Aux", "Zion.Domain.Util.Aux\Zion.Domain.Util.Aux.csproj", "{AF761F2E-F649-4898-A865-CC73CA697261}"
EndProject
Project("{2150E333-8FDC-42A3-9474-1A3956D46DE8}") = "4.1 - Data", "4.1 - Data", "{C0EA1091-1B14-4CF6-BB35-87DFA4D0B7DA}"
EndProject
Project("{2150E333-8FDC-42A3-9474-1A3956D46DE8}") = "4.1.1 - Zion", "4.1.1 - Zion", "{6C4A60E2-31C1-499A-88D6-F4573CC59F9C}"
EndProject
Project("{2150E333-8FDC-42A3-9474-1A3956D46DE8}") = "4.1.2 - Protheus", "4.1.2 - Protheus", "{17216396-DF96-472B-B049-2C32B3736647}"
EndProject
Project("{2150E333-8FDC-42A3-9474-1A3956D46DE8}") = "4.1.3 - Zenith", "4.1.3 - Zenith", "{329FF061-3CBA-4F42-B63E-0170B782E647}"
EndProject
Project("{2150E333-8FDC-42A3-9474-1A3956D46DE8}") = "0.4 - Api", "0.4 - Api", "{D1D63EB6-3AA0-454E-8720-AB6E21B1E524}"
EndProject
Global
	GlobalSection(SolutionConfigurationPlatforms) = preSolution
		Debug|Any CPU = Debug|Any CPU
		Release|Any CPU = Release|Any CPU
	EndGlobalSection
	GlobalSection(ProjectConfigurationPlatforms) = postSolution
		{72CBE639-D9F1-4AB6-8AF6-841098A6739E}.Debug|Any CPU.ActiveCfg = Debug|Any CPU
		{72CBE639-D9F1-4AB6-8AF6-841098A6739E}.Debug|Any CPU.Build.0 = Debug|Any CPU
		{72CBE639-D9F1-4AB6-8AF6-841098A6739E}.Release|Any CPU.ActiveCfg = Release|Any CPU
		{72CBE639-D9F1-4AB6-8AF6-841098A6739E}.Release|Any CPU.Build.0 = Release|Any CPU
		{DBB53111-0B12-41D8-923E-76E1496507E7}.Debug|Any CPU.ActiveCfg = Debug|Any CPU
		{DBB53111-0B12-41D8-923E-76E1496507E7}.Debug|Any CPU.Build.0 = Debug|Any CPU
		{DBB53111-0B12-41D8-923E-76E1496507E7}.Release|Any CPU.ActiveCfg = Release|Any CPU
		{DBB53111-0B12-41D8-923E-76E1496507E7}.Release|Any CPU.Build.0 = Release|Any CPU
		{76337782-92DB-46F0-8DBA-EB671DDFA76E}.Debug|Any CPU.ActiveCfg = Debug|Any CPU
		{76337782-92DB-46F0-8DBA-EB671DDFA76E}.Debug|Any CPU.Build.0 = Debug|Any CPU
		{76337782-92DB-46F0-8DBA-EB671DDFA76E}.Release|Any CPU.ActiveCfg = Release|Any CPU
		{76337782-92DB-46F0-8DBA-EB671DDFA76E}.Release|Any CPU.Build.0 = Release|Any CPU
		{AF761F2E-F649-4898-A865-CC73CA697261}.Debug|Any CPU.ActiveCfg = Debug|Any CPU
		{AF761F2E-F649-4898-A865-CC73CA697261}.Debug|Any CPU.Build.0 = Debug|Any CPU
		{AF761F2E-F649-4898-A865-CC73CA697261}.Release|Any CPU.ActiveCfg = Release|Any CPU
		{AF761F2E-F649-4898-A865-CC73CA697261}.Release|Any CPU.Build.0 = Release|Any CPU
	EndGlobalSection
	GlobalSection(SolutionProperties) = preSolution
		HideSolutionNode = FALSE
	EndGlobalSection
	GlobalSection(NestedProjects) = preSolution
		{728BF276-753E-4AF4-BB67-7EFEC87DC886} = {8C5DEC81-37B0-4808-A10C-081B9635428F}
		{3439D252-96C6-4F3B-89E3-501F2116D39F} = {8C5DEC81-37B0-4808-A10C-081B9635428F}
		{9513E18E-1F4D-4402-8F37-BB8223267772} = {8C5DEC81-37B0-4808-A10C-081B9635428F}
		{D1D63EB6-3AA0-454E-8720-AB6E21B1E524} = {8C5DEC81-37B0-4808-A10C-081B9635428F}
		{551ED7E3-7E18-44A6-82CC-2A72EB8F23F7} = {38A4B788-6785-467F-9997-3968E6D75FF2}
		{A0B90CB1-F2C1-4B0B-A8B8-B3E04143FB49} = {38A4B788-6785-467F-9997-3968E6D75FF2}
		{2536792A-271C-4888-89BE-187B783F4716} = {38A4B788-6785-467F-9997-3968E6D75FF2}
		{C0EA1091-1B14-4CF6-BB35-87DFA4D0B7DA} = {E7C3C165-A6C5-43BA-B5D6-F61F6922A439}
		{72CBE639-D9F1-4AB6-8AF6-841098A6739E} = {728BF276-753E-4AF4-BB67-7EFEC87DC886}
		{DBB53111-0B12-41D8-923E-76E1496507E7} = {551ED7E3-7E18-44A6-82CC-2A72EB8F23F7}
		{76337782-92DB-46F0-8DBA-EB671DDFA76E} = {A0B90CB1-F2C1-4B0B-A8B8-B3E04143FB49}
		{AF761F2E-F649-4898-A865-CC73CA697261} = {2536792A-271C-4888-89BE-187B783F4716}
		{6C4A60E2-31C1-499A-88D6-F4573CC59F9C} = {C0EA1091-1B14-4CF6-BB35-87DFA4D0B7DA}
		{17216396-DF96-472B-B049-2C32B3736647} = {C0EA1091-1B14-4CF6-BB35-87DFA4D0B7DA}
		{329FF061-3CBA-4F42-B63E-0170B782E647} = {C0EA1091-1B14-4CF6-BB35-87DFA4D0B7DA}
	EndGlobalSection
EndGlobal
